// !$*UTF8*$!
{
	archiveVersion = 1;
	classes = {
	};
	objectVersion = 46;
	objects = {

/* Begin PBXBuildFile section */
		DC0C28141EF0764500B27023 /* main.m in Sources */ = {isa = PBXBuildFile; fileRef = DC0C28131EF0764500B27023 /* main.m */; };
		DC0C281A1EF0764500B27023 /* ViewController.m in Sources */ = {isa = PBXBuildFile; fileRef = DC0C28191EF0764500B27023 /* ViewController.m */; };
		DC0C281D1EF0764500B27023 /* Main.storyboard in Resources */ = {isa = PBXBuildFile; fileRef = DC0C281B1EF0764500B27023 /* Main.storyboard */; };
		DC0C281F1EF0764500B27023 /* Assets.xcassets in Resources */ = {isa = PBXBuildFile; fileRef = DC0C281E1EF0764500B27023 /* Assets.xcassets */; };
		DC0C28221EF0764500B27023 /* LaunchScreen.storyboard in Resources */ = {isa = PBXBuildFile; fileRef = DC0C28201EF0764500B27023 /* LaunchScreen.storyboard */; };
		DC0C28391EF0775F00B27023 /* ISHLogDnaService.m in Sources */ = {isa = PBXBuildFile; fileRef = DC0C28381EF0775F00B27023 /* ISHLogDnaService.m */; };
		DC0C28421EF0815400B27023 /* AppDelegate.m in Sources */ = {isa = PBXBuildFile; fileRef = DC0C28161EF0764500B27023 /* AppDelegate.m */; };
		DC897B821EF138EB001D86E9 /* ISHLogDnaService.m in Sources */ = {isa = PBXBuildFile; fileRef = DC0C28381EF0775F00B27023 /* ISHLogDnaService.m */; };
		DCAE75761EF138C3005DCD92 /* AppDelegate.swift in Sources */ = {isa = PBXBuildFile; fileRef = DCAE75751EF138C3005DCD92 /* AppDelegate.swift */; };
		DCAE75781EF138C3005DCD92 /* ViewController.swift in Sources */ = {isa = PBXBuildFile; fileRef = DCAE75771EF138C3005DCD92 /* ViewController.swift */; };
		DCAE757B1EF138C3005DCD92 /* Main.storyboard in Resources */ = {isa = PBXBuildFile; fileRef = DCAE75791EF138C3005DCD92 /* Main.storyboard */; };
		DCAE757D1EF138C3005DCD92 /* Assets.xcassets in Resources */ = {isa = PBXBuildFile; fileRef = DCAE757C1EF138C3005DCD92 /* Assets.xcassets */; };
		DCAE75801EF138C3005DCD92 /* LaunchScreen.storyboard in Resources */ = {isa = PBXBuildFile; fileRef = DCAE757E1EF138C3005DCD92 /* LaunchScreen.storyboard */; };
/* End PBXBuildFile section */

/* Begin PBXFileReference section */
		DC0C280F1EF0764500B27023 /* ISHLogDna.app */ = {isa = PBXFileReference; explicitFileType = wrapper.application; includeInIndex = 0; path = ISHLogDna.app; sourceTree = BUILT_PRODUCTS_DIR; };
		DC0C28131EF0764500B27023 /* main.m */ = {isa = PBXFileReference; lastKnownFileType = sourcecode.c.objc; path = main.m; sourceTree = "<group>"; };
		DC0C28151EF0764500B27023 /* AppDelegate.h */ = {isa = PBXFileReference; lastKnownFileType = sourcecode.c.h; path = AppDelegate.h; sourceTree = "<group>"; };
		DC0C28161EF0764500B27023 /* AppDelegate.m */ = {isa = PBXFileReference; lastKnownFileType = sourcecode.c.objc; path = AppDelegate.m; sourceTree = "<group>"; };
		DC0C28181EF0764500B27023 /* ViewController.h */ = {isa = PBXFileReference; lastKnownFileType = sourcecode.c.h; path = ViewController.h; sourceTree = "<group>"; };
		DC0C28191EF0764500B27023 /* ViewController.m */ = {isa = PBXFileReference; lastKnownFileType = sourcecode.c.objc; path = ViewController.m; sourceTree = "<group>"; };
		DC0C281C1EF0764500B27023 /* Base */ = {isa = PBXFileReference; lastKnownFileType = file.storyboard; name = Base; path = Base.lproj/Main.storyboard; sourceTree = "<group>"; };
		DC0C281E1EF0764500B27023 /* Assets.xcassets */ = {isa = PBXFileReference; lastKnownFileType = folder.assetcatalog; path = Assets.xcassets; sourceTree = "<group>"; };
		DC0C28211EF0764500B27023 /* Base */ = {isa = PBXFileReference; lastKnownFileType = file.storyboard; name = Base; path = Base.lproj/LaunchScreen.storyboard; sourceTree = "<group>"; };
		DC0C28231EF0764500B27023 /* Info.plist */ = {isa = PBXFileReference; lastKnownFileType = text.plist.xml; path = Info.plist; sourceTree = "<group>"; };
		DC0C28371EF0775F00B27023 /* ISHLogDnaService.h */ = {isa = PBXFileReference; fileEncoding = 4; lastKnownFileType = sourcecode.c.h; name = ISHLogDnaService.h; path = ISHLogDnaService/ISHLogDnaService.h; sourceTree = "<group>"; };
		DC0C28381EF0775F00B27023 /* ISHLogDnaService.m */ = {isa = PBXFileReference; fileEncoding = 4; lastKnownFileType = sourcecode.c.objc; name = ISHLogDnaService.m; path = ISHLogDnaService/ISHLogDnaService.m; sourceTree = "<group>"; };
		DC897B831EF13912001D86E9 /* BridgingHeader.h */ = {isa = PBXFileReference; lastKnownFileType = sourcecode.c.h; path = BridgingHeader.h; sourceTree = "<group>"; };
		DCAE75731EF138C3005DCD92 /* SampleAppSwift.app */ = {isa = PBXFileReference; explicitFileType = wrapper.application; includeInIndex = 0; path = SampleAppSwift.app; sourceTree = BUILT_PRODUCTS_DIR; };
		DCAE75751EF138C3005DCD92 /* AppDelegate.swift */ = {isa = PBXFileReference; lastKnownFileType = sourcecode.swift; path = AppDelegate.swift; sourceTree = "<group>"; };
		DCAE75771EF138C3005DCD92 /* ViewController.swift */ = {isa = PBXFileReference; lastKnownFileType = sourcecode.swift; path = ViewController.swift; sourceTree = "<group>"; };
		DCAE757A1EF138C3005DCD92 /* Base */ = {isa = PBXFileReference; lastKnownFileType = file.storyboard; name = Base; path = Base.lproj/Main.storyboard; sourceTree = "<group>"; };
		DCAE757C1EF138C3005DCD92 /* Assets.xcassets */ = {isa = PBXFileReference; lastKnownFileType = folder.assetcatalog; path = Assets.xcassets; sourceTree = "<group>"; };
		DCAE757F1EF138C3005DCD92 /* Base */ = {isa = PBXFileReference; lastKnownFileType = file.storyboard; name = Base; path = Base.lproj/LaunchScreen.storyboard; sourceTree = "<group>"; };
		DCAE75811EF138C3005DCD92 /* Info.plist */ = {isa = PBXFileReference; lastKnownFileType = text.plist.xml; path = Info.plist; sourceTree = "<group>"; };
/* End PBXFileReference section */

/* Begin PBXFrameworksBuildPhase section */
		DC0C280C1EF0764500B27023 /* Frameworks */ = {
			isa = PBXFrameworksBuildPhase;
			buildActionMask = 2147483647;
			files = (
			);
			runOnlyForDeploymentPostprocessing = 0;
		};
		DCAE75701EF138C3005DCD92 /* Frameworks */ = {
			isa = PBXFrameworksBuildPhase;
			buildActionMask = 2147483647;
			files = (
			);
			runOnlyForDeploymentPostprocessing = 0;
		};
/* End PBXFrameworksBuildPhase section */

/* Begin PBXGroup section */
		DC0C28061EF0764500B27023 = {
			isa = PBXGroup;
			children = (
				DC0C28371EF0775F00B27023 /* ISHLogDnaService.h */,
				DC0C28381EF0775F00B27023 /* ISHLogDnaService.m */,
				DC0C28111EF0764500B27023 /* SampleApp */,
				DCAE75741EF138C3005DCD92 /* SampleAppSwift */,
				DC0C28101EF0764500B27023 /* Products */,
			);
			sourceTree = "<group>";
		};
		DC0C28101EF0764500B27023 /* Products */ = {
			isa = PBXGroup;
			children = (
				DC0C280F1EF0764500B27023 /* ISHLogDna.app */,
				DCAE75731EF138C3005DCD92 /* SampleAppSwift.app */,
			);
			name = Products;
			sourceTree = "<group>";
		};
		DC0C28111EF0764500B27023 /* SampleApp */ = {
			isa = PBXGroup;
			children = (
				DC0C28151EF0764500B27023 /* AppDelegate.h */,
				DC0C28161EF0764500B27023 /* AppDelegate.m */,
				DC0C28181EF0764500B27023 /* ViewController.h */,
				DC0C28191EF0764500B27023 /* ViewController.m */,
				DC0C281B1EF0764500B27023 /* Main.storyboard */,
				DC0C281E1EF0764500B27023 /* Assets.xcassets */,
				DC0C28201EF0764500B27023 /* LaunchScreen.storyboard */,
				DC0C28231EF0764500B27023 /* Info.plist */,
				DC0C28121EF0764500B27023 /* Supporting Files */,
			);
			name = SampleApp;
			path = ISHLogDnaSampleApp;
			sourceTree = "<group>";
		};
		DC0C28121EF0764500B27023 /* Supporting Files */ = {
			isa = PBXGroup;
			children = (
				DC0C28131EF0764500B27023 /* main.m */,
			);
			name = "Supporting Files";
			sourceTree = "<group>";
		};
		DCAE75741EF138C3005DCD92 /* SampleAppSwift */ = {
			isa = PBXGroup;
			children = (
				DC897B831EF13912001D86E9 /* BridgingHeader.h */,
				DCAE75751EF138C3005DCD92 /* AppDelegate.swift */,
				DCAE75771EF138C3005DCD92 /* ViewController.swift */,
				DCAE75791EF138C3005DCD92 /* Main.storyboard */,
				DCAE757C1EF138C3005DCD92 /* Assets.xcassets */,
				DCAE757E1EF138C3005DCD92 /* LaunchScreen.storyboard */,
				DCAE75811EF138C3005DCD92 /* Info.plist */,
			);
			path = SampleAppSwift;
			sourceTree = "<group>";
		};
/* End PBXGroup section */

/* Begin PBXNativeTarget section */
		DC0C280E1EF0764500B27023 /* ISHLogDna */ = {
			isa = PBXNativeTarget;
			buildConfigurationList = DC0C28311EF0764500B27023 /* Build configuration list for PBXNativeTarget "ISHLogDna" */;
			buildPhases = (
				DC0C280B1EF0764500B27023 /* Sources */,
				DC0C280C1EF0764500B27023 /* Frameworks */,
				DC0C280D1EF0764500B27023 /* Resources */,
			);
			buildRules = (
			);
			dependencies = (
			);
			name = ISHLogDna;
			productName = ISHLogDna;
			productReference = DC0C280F1EF0764500B27023 /* ISHLogDna.app */;
			productType = "com.apple.product-type.application";
		};
		DCAE75721EF138C3005DCD92 /* SampleAppSwift */ = {
			isa = PBXNativeTarget;
			buildConfigurationList = DCAE75841EF138C3005DCD92 /* Build configuration list for PBXNativeTarget "SampleAppSwift" */;
			buildPhases = (
				DCAE756F1EF138C3005DCD92 /* Sources */,
				DCAE75701EF138C3005DCD92 /* Frameworks */,
				DCAE75711EF138C3005DCD92 /* Resources */,
			);
			buildRules = (
			);
			dependencies = (
			);
			name = SampleAppSwift;
			productName = SampleAppSwift;
			productReference = DCAE75731EF138C3005DCD92 /* SampleAppSwift.app */;
			productType = "com.apple.product-type.application";
		};
/* End PBXNativeTarget section */

/* Begin PBXProject section */
		DC0C28071EF0764500B27023 /* Project object */ = {
			isa = PBXProject;
			attributes = {
				LastSwiftUpdateCheck = 0830;
				LastUpgradeCheck = 0830;
				ORGANIZATIONNAME = iosphere;
				TargetAttributes = {
					DC0C280E1EF0764500B27023 = {
						CreatedOnToolsVersion = 8.3.3;
						ProvisioningStyle = Automatic;
					};
					DCAE75721EF138C3005DCD92 = {
						CreatedOnToolsVersion = 8.3.2;
						ProvisioningStyle = Automatic;
					};
				};
			};
			buildConfigurationList = DC0C280A1EF0764500B27023 /* Build configuration list for PBXProject "ISHLogDna" */;
			compatibilityVersion = "Xcode 3.2";
			developmentRegion = English;
			hasScannedForEncodings = 0;
			knownRegions = (
				en,
				Base,
			);
			mainGroup = DC0C28061EF0764500B27023;
			productRefGroup = DC0C28101EF0764500B27023 /* Products */;
			projectDirPath = "";
			projectRoot = "";
			targets = (
				DC0C280E1EF0764500B27023 /* ISHLogDna */,
				DCAE75721EF138C3005DCD92 /* SampleAppSwift */,
			);
		};
/* End PBXProject section */

/* Begin PBXResourcesBuildPhase section */
		DC0C280D1EF0764500B27023 /* Resources */ = {
			isa = PBXResourcesBuildPhase;
			buildActionMask = 2147483647;
			files = (
				DC0C28221EF0764500B27023 /* LaunchScreen.storyboard in Resources */,
				DC0C281F1EF0764500B27023 /* Assets.xcassets in Resources */,
				DC0C281D1EF0764500B27023 /* Main.storyboard in Resources */,
			);
			runOnlyForDeploymentPostprocessing = 0;
		};
		DCAE75711EF138C3005DCD92 /* Resources */ = {
			isa = PBXResourcesBuildPhase;
			buildActionMask = 2147483647;
			files = (
				DCAE75801EF138C3005DCD92 /* LaunchScreen.storyboard in Resources */,
				DCAE757D1EF138C3005DCD92 /* Assets.xcassets in Resources */,
				DCAE757B1EF138C3005DCD92 /* Main.storyboard in Resources */,
			);
			runOnlyForDeploymentPostprocessing = 0;
		};
/* End PBXResourcesBuildPhase section */

/* Begin PBXSourcesBuildPhase section */
		DC0C280B1EF0764500B27023 /* Sources */ = {
			isa = PBXSourcesBuildPhase;
			buildActionMask = 2147483647;
			files = (
				DC0C28421EF0815400B27023 /* AppDelegate.m in Sources */,
				DC0C281A1EF0764500B27023 /* ViewController.m in Sources */,
				DC0C28141EF0764500B27023 /* main.m in Sources */,
				DC0C28391EF0775F00B27023 /* ISHLogDnaService.m in Sources */,
			);
			runOnlyForDeploymentPostprocessing = 0;
		};
		DCAE756F1EF138C3005DCD92 /* Sources */ = {
			isa = PBXSourcesBuildPhase;
			buildActionMask = 2147483647;
			files = (
				DCAE75781EF138C3005DCD92 /* ViewController.swift in Sources */,
				DC897B821EF138EB001D86E9 /* ISHLogDnaService.m in Sources */,
				DCAE75761EF138C3005DCD92 /* AppDelegate.swift in Sources */,
			);
			runOnlyForDeploymentPostprocessing = 0;
		};
/* End PBXSourcesBuildPhase section */

/* Begin PBXVariantGroup section */
		DC0C281B1EF0764500B27023 /* Main.storyboard */ = {
			isa = PBXVariantGroup;
			children = (
				DC0C281C1EF0764500B27023 /* Base */,
			);
			name = Main.storyboard;
			sourceTree = "<group>";
		};
		DC0C28201EF0764500B27023 /* LaunchScreen.storyboard */ = {
			isa = PBXVariantGroup;
			children = (
				DC0C28211EF0764500B27023 /* Base */,
			);
			name = LaunchScreen.storyboard;
			sourceTree = "<group>";
		};
		DCAE75791EF138C3005DCD92 /* Main.storyboard */ = {
			isa = PBXVariantGroup;
			children = (
				DCAE757A1EF138C3005DCD92 /* Base */,
			);
			name = Main.storyboard;
			sourceTree = "<group>";
		};
		DCAE757E1EF138C3005DCD92 /* LaunchScreen.storyboard */ = {
			isa = PBXVariantGroup;
			children = (
				DCAE757F1EF138C3005DCD92 /* Base */,
			);
			name = LaunchScreen.storyboard;
			sourceTree = "<group>";
		};
/* End PBXVariantGroup section */

/* Begin XCBuildConfiguration section */
		DC0C282F1EF0764500B27023 /* Debug */ = {
			isa = XCBuildConfiguration;
			buildSettings = {
				ALWAYS_SEARCH_USER_PATHS = NO;
				CLANG_ANALYZER_NONNULL = YES;
				CLANG_ANALYZER_NUMBER_OBJECT_CONVERSION = YES_AGGRESSIVE;
				CLANG_CXX_LANGUAGE_STANDARD = "gnu++0x";
				CLANG_CXX_LIBRARY = "libc++";
				CLANG_ENABLE_MODULES = YES;
				CLANG_ENABLE_OBJC_ARC = YES;
				CLANG_WARN_BOOL_CONVERSION = YES;
				CLANG_WARN_CONSTANT_CONVERSION = YES;
				CLANG_WARN_DIRECT_OBJC_ISA_USAGE = YES_ERROR;
				CLANG_WARN_DOCUMENTATION_COMMENTS = YES;
				CLANG_WARN_EMPTY_BODY = YES;
				CLANG_WARN_ENUM_CONVERSION = YES;
				CLANG_WARN_INFINITE_RECURSION = YES;
				CLANG_WARN_INT_CONVERSION = YES;
				CLANG_WARN_OBJC_ROOT_CLASS = YES_ERROR;
				CLANG_WARN_SUSPICIOUS_MOVE = YES;
				CLANG_WARN_UNREACHABLE_CODE = YES;
				CLANG_WARN__DUPLICATE_METHOD_MATCH = YES;
				"CODE_SIGN_IDENTITY[sdk=iphoneos*]" = "iPhone Developer";
				COPY_PHASE_STRIP = NO;
				DEBUG_INFORMATION_FORMAT = dwarf;
				ENABLE_STRICT_OBJC_MSGSEND = YES;
				ENABLE_TESTABILITY = YES;
				GCC_C_LANGUAGE_STANDARD = gnu99;
				GCC_DYNAMIC_NO_PIC = NO;
				GCC_NO_COMMON_BLOCKS = YES;
				GCC_OPTIMIZATION_LEVEL = 0;
				GCC_PREPROCESSOR_DEFINITIONS = (
					"DEBUG=1",
					"$(inherited)",
				);
				GCC_WARN_64_TO_32_BIT_CONVERSION = YES;
				GCC_WARN_ABOUT_RETURN_TYPE = YES_ERROR;
				GCC_WARN_UNDECLARED_SELECTOR = YES;
				GCC_WARN_UNINITIALIZED_AUTOS = YES_AGGRESSIVE;
				GCC_WARN_UNUSED_FUNCTION = YES;
				GCC_WARN_UNUSED_VARIABLE = YES;
				IPHONEOS_DEPLOYMENT_TARGET = 10.3;
				MTL_ENABLE_DEBUG_INFO = YES;
				ONLY_ACTIVE_ARCH = YES;
				SDKROOT = iphoneos;
				TARGETED_DEVICE_FAMILY = "1,2";
			};
			name = Debug;
		};
		DC0C28301EF0764500B27023 /* Release */ = {
			isa = XCBuildConfiguration;
			buildSettings = {
				ALWAYS_SEARCH_USER_PATHS = NO;
				CLANG_ANALYZER_NONNULL = YES;
				CLANG_ANALYZER_NUMBER_OBJECT_CONVERSION = YES_AGGRESSIVE;
				CLANG_CXX_LANGUAGE_STANDARD = "gnu++0x";
				CLANG_CXX_LIBRARY = "libc++";
				CLANG_ENABLE_MODULES = YES;
				CLANG_ENABLE_OBJC_ARC = YES;
				CLANG_WARN_BOOL_CONVERSION = YES;
				CLANG_WARN_CONSTANT_CONVERSION = YES;
				CLANG_WARN_DIRECT_OBJC_ISA_USAGE = YES_ERROR;
				CLANG_WARN_DOCUMENTATION_COMMENTS = YES;
				CLANG_WARN_EMPTY_BODY = YES;
				CLANG_WARN_ENUM_CONVERSION = YES;
				CLANG_WARN_INFINITE_RECURSION = YES;
				CLANG_WARN_INT_CONVERSION = YES;
				CLANG_WARN_OBJC_ROOT_CLASS = YES_ERROR;
				CLANG_WARN_SUSPICIOUS_MOVE = YES;
				CLANG_WARN_UNREACHABLE_CODE = YES;
				CLANG_WARN__DUPLICATE_METHOD_MATCH = YES;
				"CODE_SIGN_IDENTITY[sdk=iphoneos*]" = "iPhone Developer";
				COPY_PHASE_STRIP = NO;
				DEBUG_INFORMATION_FORMAT = "dwarf-with-dsym";
				ENABLE_NS_ASSERTIONS = NO;
				ENABLE_STRICT_OBJC_MSGSEND = YES;
				GCC_C_LANGUAGE_STANDARD = gnu99;
				GCC_NO_COMMON_BLOCKS = YES;
				GCC_WARN_64_TO_32_BIT_CONVERSION = YES;
				GCC_WARN_ABOUT_RETURN_TYPE = YES_ERROR;
				GCC_WARN_UNDECLARED_SELECTOR = YES;
				GCC_WARN_UNINITIALIZED_AUTOS = YES_AGGRESSIVE;
				GCC_WARN_UNUSED_FUNCTION = YES;
				GCC_WARN_UNUSED_VARIABLE = YES;
				IPHONEOS_DEPLOYMENT_TARGET = 10.3;
				MTL_ENABLE_DEBUG_INFO = NO;
				SDKROOT = iphoneos;
				TARGETED_DEVICE_FAMILY = "1,2";
				VALIDATE_PRODUCT = YES;
			};
			name = Release;
		};
		DC0C28321EF0764500B27023 /* Debug */ = {
			isa = XCBuildConfiguration;
			buildSettings = {
				ASSETCATALOG_COMPILER_APPICON_NAME = AppIcon;
				INFOPLIST_FILE = ISHLogDnaSampleApp/Info.plist;
				LD_RUNPATH_SEARCH_PATHS = "$(inherited) @executable_path/Frameworks";
				PRODUCT_BUNDLE_IDENTIFIER = de.iosphere.logdna.sampleApp;
				PRODUCT_NAME = "$(TARGET_NAME)";
			};
			name = Debug;
		};
		DC0C28331EF0764500B27023 /* Release */ = {
			isa = XCBuildConfiguration;
			buildSettings = {
				ASSETCATALOG_COMPILER_APPICON_NAME = AppIcon;
				INFOPLIST_FILE = ISHLogDnaSampleApp/Info.plist;
				LD_RUNPATH_SEARCH_PATHS = "$(inherited) @executable_path/Frameworks";
				PRODUCT_BUNDLE_IDENTIFIER = de.iosphere.logdna.sampleApp;
				PRODUCT_NAME = "$(TARGET_NAME)";
			};
			name = Release;
		};
		DCAE75821EF138C3005DCD92 /* Debug */ = {
			isa = XCBuildConfiguration;
			buildSettings = {
				ASSETCATALOG_COMPILER_APPICON_NAME = AppIcon;
				INFOPLIST_FILE = SampleAppSwift/Info.plist;
				LD_RUNPATH_SEARCH_PATHS = "$(inherited) @executable_path/Frameworks";
				PRODUCT_BUNDLE_IDENTIFIER = de.iosphere.logdna.SampleAppSwift;
				PRODUCT_NAME = "$(TARGET_NAME)";
				SWIFT_ACTIVE_COMPILATION_CONDITIONS = DEBUG;
				SWIFT_OBJC_BRIDGING_HEADER = SampleAppSwift/BridgingHeader.h;
				SWIFT_OPTIMIZATION_LEVEL = "-Onone";
				SWIFT_VERSION = 3.0;
			};
			name = Debug;
		};
		DCAE75831EF138C3005DCD92 /* Release */ = {
			isa = XCBuildConfiguration;
			buildSettings = {
				ASSETCATALOG_COMPILER_APPICON_NAME = AppIcon;
				INFOPLIST_FILE = SampleAppSwift/Info.plist;
				LD_RUNPATH_SEARCH_PATHS = "$(inherited) @executable_path/Frameworks";
				PRODUCT_BUNDLE_IDENTIFIER = de.iosphere.logdna.SampleAppSwift;
				PRODUCT_NAME = "$(TARGET_NAME)";
				SWIFT_OBJC_BRIDGING_HEADER = SampleAppSwift/BridgingHeader.h;
				SWIFT_OPTIMIZATION_LEVEL = "-Owholemodule";
				SWIFT_VERSION = 3.0;
			};
			name = Release;
		};
/* End XCBuildConfiguration section */

/* Begin XCConfigurationList section */
		DC0C280A1EF0764500B27023 /* Build configuration list for PBXProject "ISHLogDna" */ = {
			isa = XCConfigurationList;
			buildConfigurations = (
				DC0C282F1EF0764500B27023 /* Debug */,
				DC0C28301EF0764500B27023 /* Release */,
			);
			defaultConfigurationIsVisible = 0;
			defaultConfigurationName = Release;
		};
		DC0C28311EF0764500B27023 /* Build configuration list for PBXNativeTarget "ISHLogDna" */ = {
			isa = XCConfigurationList;
			buildConfigurations = (
				DC0C28321EF0764500B27023 /* Debug */,
				DC0C28331EF0764500B27023 /* Release */,
			);
			defaultConfigurationIsVisible = 0;
			defaultConfigurationName = Release;
		};
		DCAE75841EF138C3005DCD92 /* Build configuration list for PBXNativeTarget "SampleAppSwift" */ = {
			isa = XCConfigurationList;
			buildConfigurations = (
				DCAE75821EF138C3005DCD92 /* Debug */,
				DCAE75831EF138C3005DCD92 /* Release */,
			);
			defaultConfigurationIsVisible = 0;
			defaultConfigurationName = Release;
		};
/* End XCConfigurationList section */
	};
	rootObject = DC0C28071EF0764500B27023 /* Project object */;
}
